
Microsoft Visual Studio Solution File, Format Version 12.00
# Visual Studio Version 16
VisualStudioVersion = 16.0.30717.126
MinimumVisualStudioVersion = 10.0.40219.1
Project("{9A19103F-16F7-4668-BE54-9A1E7A4F7556}") = "Infrastructure.Database", "src\Infrastructure.Database\Infrastructure.Database.csproj", "{8152565A-5689-42C6-ACC5-144C45FF55B3}"
EndProject
Global
	GlobalSection(SolutionConfigurationPlatforms) = preSolution
		Debug|Any CPU = Debug|Any CPU
		Release|Any CPU = Release|Any CPU
	EndGlobalSection
	GlobalSection(ProjectConfigurationPlatforms) = postSolution
		{8152565A-5689-42C6-ACC5-144C45FF55B3}.Debug|Any CPU.ActiveCfg = Debug|Any CPU
		{8152565A-5689-42C6-ACC5-144C45FF55B3}.Debug|Any CPU.Build.0 = Debug|Any CPU
		{8152565A-5689-42C6-ACC5-144C45FF55B3}.Release|Any CPU.ActiveCfg = Release|Any CPU
		{8152565A-5689-42C6-ACC5-144C45FF55B3}.Release|Any CPU.Build.0 = Release|Any CPU
	EndGlobalSection
	GlobalSection(SolutionProperties) = preSolution
		HideSolutionNode = FALSE
	EndGlobalSection
	GlobalSection(ExtensibilityGlobals) = postSolution
		SolutionGuid = {CE8D6676-B890-4B7E-A713-23B25FFC9229}
	EndGlobalSection
EndGlobal
